
Microsoft Visual Studio Solution File, Format Version 12.00
# Visual Studio Version 16
VisualStudioVersion = 16.0.30011.22
MinimumVisualStudioVersion = 10.0.40219.1
Project("{9A19103F-16F7-4668-BE54-9A1E7A4F7556}") = "DatingApp.API", "DatingApp.API\DatingApp.API.csproj", "{4C034F9C-1A0C-4616-9D85-DB45760B2480}"
EndProject
Project("{E24C65DC-7377-472B-9ABA-BC803B73C61A}") = "DatingApp-SPA", "DatingApp-SPA\", "{E4693634-2B01-407E-A89D-4FFBBDB39A27}"
	ProjectSection(WebsiteProperties) = preProject
		TargetFrameworkMoniker = ".NETFramework,Version%3Dv4.0"
		Debug.AspNetCompiler.VirtualPath = "/localhost_62718"
		Debug.AspNetCompiler.PhysicalPath = "DatingApp-SPA\"
		Debug.AspNetCompiler.TargetPath = "PrecompiledWeb\localhost_62718\"
		Debug.AspNetCompiler.Updateable = "true"
		Debug.AspNetCompiler.ForceOverwrite = "true"
		Debug.AspNetCompiler.FixedNames = "false"
		Debug.AspNetCompiler.Debug = "True"
		Release.AspNetCompiler.VirtualPath = "/localhost_62718"
		Release.AspNetCompiler.PhysicalPath = "DatingApp-SPA\"
		Release.AspNetCompiler.TargetPath = "PrecompiledWeb\localhost_62718\"
		Release.AspNetCompiler.Updateable = "true"
		Release.AspNetCompiler.ForceOverwrite = "true"
		Release.AspNetCompiler.FixedNames = "false"
		Release.AspNetCompiler.Debug = "False"
		VWDPort = "62718"
	EndProjectSection
EndProject
Global
	GlobalSection(SolutionConfigurationPlatforms) = preSolution
		Debug|Any CPU = Debug|Any CPU
		Release|Any CPU = Release|Any CPU
	EndGlobalSection
	GlobalSection(ProjectConfigurationPlatforms) = postSolution
		{4C034F9C-1A0C-4616-9D85-DB45760B2480}.Debug|Any CPU.ActiveCfg = Debug|Any CPU
		{4C034F9C-1A0C-4616-9D85-DB45760B2480}.Debug|Any CPU.Build.0 = Debug|Any CPU
		{4C034F9C-1A0C-4616-9D85-DB45760B2480}.Release|Any CPU.ActiveCfg = Release|Any CPU
		{4C034F9C-1A0C-4616-9D85-DB45760B2480}.Release|Any CPU.Build.0 = Release|Any CPU
		{E4693634-2B01-407E-A89D-4FFBBDB39A27}.Debug|Any CPU.ActiveCfg = Debug|Any CPU
		{E4693634-2B01-407E-A89D-4FFBBDB39A27}.Debug|Any CPU.Build.0 = Debug|Any CPU
		{E4693634-2B01-407E-A89D-4FFBBDB39A27}.Release|Any CPU.ActiveCfg = Debug|Any CPU
		{E4693634-2B01-407E-A89D-4FFBBDB39A27}.Release|Any CPU.Build.0 = Debug|Any CPU
	EndGlobalSection
	GlobalSection(SolutionProperties) = preSolution
		HideSolutionNode = FALSE
	EndGlobalSection
	GlobalSection(ExtensibilityGlobals) = postSolution
		SolutionGuid = {6CDCB8C2-7477-4AF8-A4CA-37CB542C1F39}
	EndGlobalSection
EndGlobal
